Microsoft Visual Studio Solution File, Format Version 12.00
# Visual Studio Version 17
VisualStudioVersion = 17.5.2.0
MinimumVisualStudioVersion = 10.0.40219.1
Project("{FAE04EC0-301F-11D3-BF4B-00C04F79EFBC}") = "Store", "Store.csproj", "{DFBCC5AF-55BC-5B2A-F461-602C70A7FBA5}"
EndProject
Global
	GlobalSection(SolutionConfigurationPlatforms) = preSolution
		Debug|Any CPU = Debug|Any CPU
		Release|Any CPU = Release|Any CPU
	EndGlobalSection
	GlobalSection(ProjectConfigurationPlatforms) = postSolution
		{DFBCC5AF-55BC-5B2A-F461-602C70A7FBA5}.Debug|Any CPU.ActiveCfg = Debug|Any CPU
		{DFBCC5AF-55BC-5B2A-F461-602C70A7FBA5}.Debug|Any CPU.Build.0 = Debug|Any CPU
		{DFBCC5AF-55BC-5B2A-F461-602C70A7FBA5}.Release|Any CPU.ActiveCfg = Release|Any CPU
		{DFBCC5AF-55BC-5B2A-F461-602C70A7FBA5}.Release|Any CPU.Build.0 = Release|Any CPU
	EndGlobalSection
	GlobalSection(SolutionProperties) = preSolution
		HideSolutionNode = FALSE
	EndGlobalSection
	GlobalSection(ExtensibilityGlobals) = postSolution
		SolutionGuid = {0A20174E-EAE4-455B-B2D2-CCB2E67D37D1}
	EndGlobalSection
EndGlobal
