Microsoft Visual Studio Solution File, Format Version 12.00
# Visual Studio Version 17
VisualStudioVersion = 17.5.2.0
MinimumVisualStudioVersion = 10.0.40219.1
Project("{FAE04EC0-301F-11D3-BF4B-00C04F79EFBC}") = "Manage_Employee", "Manage_Employee\Manage_Employee.csproj", "{98F8EE25-144D-DF33-9F0C-1FCA0C6C5FA8}"
EndProject
Global
	GlobalSection(SolutionConfigurationPlatforms) = preSolution
		Debug|Any CPU = Debug|Any CPU
		Release|Any CPU = Release|Any CPU
	EndGlobalSection
	GlobalSection(ProjectConfigurationPlatforms) = postSolution
		{98F8EE25-144D-DF33-9F0C-1FCA0C6C5FA8}.Debug|Any CPU.ActiveCfg = Debug|Any CPU
		{98F8EE25-144D-DF33-9F0C-1FCA0C6C5FA8}.Debug|Any CPU.Build.0 = Debug|Any CPU
		{98F8EE25-144D-DF33-9F0C-1FCA0C6C5FA8}.Release|Any CPU.ActiveCfg = Release|Any CPU
		{98F8EE25-144D-DF33-9F0C-1FCA0C6C5FA8}.Release|Any CPU.Build.0 = Release|Any CPU
	EndGlobalSection
	GlobalSection(SolutionProperties) = preSolution
		HideSolutionNode = FALSE
	EndGlobalSection
	GlobalSection(ExtensibilityGlobals) = postSolution
		SolutionGuid = {DE88BCF5-3479-4060-B140-C3E0B454246B}
	EndGlobalSection
EndGlobal
