Microsoft Visual Studio Solution File, Format Version 12.00
# Visual Studio Version 17
VisualStudioVersion = 17.5.2.0
MinimumVisualStudioVersion = 10.0.40219.1
Project("{FAE04EC0-301F-11D3-BF4B-00C04F79EFBC}") = "OOP_Task", "OOP_Task.csproj", "{DADDBC85-23F1-621D-FA14-89C1EFF09B90}"
EndProject
Global
	GlobalSection(SolutionConfigurationPlatforms) = preSolution
		Debug|Any CPU = Debug|Any CPU
		Release|Any CPU = Release|Any CPU
	EndGlobalSection
	GlobalSection(ProjectConfigurationPlatforms) = postSolution
		{DADDBC85-23F1-621D-FA14-89C1EFF09B90}.Debug|Any CPU.ActiveCfg = Debug|Any CPU
		{DADDBC85-23F1-621D-FA14-89C1EFF09B90}.Debug|Any CPU.Build.0 = Debug|Any CPU
		{DADDBC85-23F1-621D-FA14-89C1EFF09B90}.Release|Any CPU.ActiveCfg = Release|Any CPU
		{DADDBC85-23F1-621D-FA14-89C1EFF09B90}.Release|Any CPU.Build.0 = Release|Any CPU
	EndGlobalSection
	GlobalSection(SolutionProperties) = preSolution
		HideSolutionNode = FALSE
	EndGlobalSection
	GlobalSection(ExtensibilityGlobals) = postSolution
		SolutionGuid = {2A2AFD85-FA44-4DAF-82C2-19E5542518D2}
	EndGlobalSection
EndGlobal
